
Microsoft Visual Studio Solution File, Format Version 12.00
# Visual Studio 14
VisualStudioVersion = 14.0.25420.1
MinimumVisualStudioVersion = 10.0.40219.1
Project("{FAE04EC0-301F-11D3-BF4B-00C04F79EFBC}") = "game.of.life.domain", "game.of.life.domain\game.of.life.domain.csproj", "{6820C349-3026-491B-A6E6-C1CCC723ECEF}"
EndProject
Project("{FAE04EC0-301F-11D3-BF4B-00C04F79EFBC}") = "game.of.life.domain.test", "game.of.life.domain.test\game.of.life.domain.test.csproj", "{5773D6ED-E309-4775-890A-05AFBE06AB93}"
EndProject
Project("{FAE04EC0-301F-11D3-BF4B-00C04F79EFBC}") = "game.of.life.desktop", "game.of.life.desktop\game.of.life.desktop.csproj", "{9E007BC4-8073-41F6-87F6-EB2C5185BD01}"
EndProject
Project("{FAE04EC0-301F-11D3-BF4B-00C04F79EFBC}") = "game.of.life.desktop.test", "game.of.life.desktop.test\game.of.life.desktop.test.csproj", "{C11F685D-3298-4063-92F4-1177470C870C}"
EndProject
Project("{FAE04EC0-301F-11D3-BF4B-00C04F79EFBC}") = "game.of.life.tools", "game.of.life.tools\game.of.life.tools.csproj", "{022E64B1-5EB4-4C63-A389-DD6DE51EE2CA}"
EndProject
Project("{FAE04EC0-301F-11D3-BF4B-00C04F79EFBC}") = "game.of.life.tools.test", "game.of.life.tools.test\game.of.life.tools.test.csproj", "{B3F45354-2F4C-4727-BB24-B5F910987278}"
EndProject
Project("{FAE04EC0-301F-11D3-BF4B-00C04F79EFBC}") = "game.of.life.web.ts", "game.of.life.web.ts\game.of.life.web.ts.csproj", "{6729EC94-BE6A-495D-BBD2-B96A580439C4}"
EndProject
Project("{FAE04EC0-301F-11D3-BF4B-00C04F79EFBC}") = "game.of.life.web.ts.test", "game.of.life.web.ts.test\game.of.life.web.ts.test.csproj", "{47CFE0C0-F7D2-4D47-B3D6-53B7859120C4}"
EndProject
Project("{FAE04EC0-301F-11D3-BF4B-00C04F79EFBC}") = "game.of.life.domain.ts", "game.of.life.domain.ts\game.of.life.domain.ts.csproj", "{DAAF5803-E9DF-4656-A5A9-50665EEAF217}"
EndProject
Project("{FAE04EC0-301F-11D3-BF4B-00C04F79EFBC}") = "game.of.life.domain.ts.test", "game.of.life.domain.ts.test\game.of.life.domain.ts.test.csproj", "{178BEB33-1F92-41B3-B929-E1DE4FE482CF}"
EndProject
Project("{2150E333-8FDC-42A3-9474-1A3956D46DE8}") = "CSharp", "CSharp", "{7AD376D6-19FA-4D08-8E02-7AB375DB1546}"
EndProject
Project("{2150E333-8FDC-42A3-9474-1A3956D46DE8}") = "TS", "TS", "{72114167-74FD-4B0C-87F4-7BBF3881F4A7}"
EndProject
Project("{2150E333-8FDC-42A3-9474-1A3956D46DE8}") = "Tests", "Tests", "{52028366-AFA4-448D-8AFD-1DD3DDED49BD}"
EndProject
Project("{2150E333-8FDC-42A3-9474-1A3956D46DE8}") = "Tests", "Tests", "{42D5BE53-47A2-44DB-8000-AB92C66B474C}"
EndProject
Global
	GlobalSection(SolutionConfigurationPlatforms) = preSolution
		Debug|Any CPU = Debug|Any CPU
		Release|Any CPU = Release|Any CPU
	EndGlobalSection
	GlobalSection(ProjectConfigurationPlatforms) = postSolution
		{6820C349-3026-491B-A6E6-C1CCC723ECEF}.Debug|Any CPU.ActiveCfg = Debug|Any CPU
		{6820C349-3026-491B-A6E6-C1CCC723ECEF}.Debug|Any CPU.Build.0 = Debug|Any CPU
		{6820C349-3026-491B-A6E6-C1CCC723ECEF}.Release|Any CPU.ActiveCfg = Release|Any CPU
		{6820C349-3026-491B-A6E6-C1CCC723ECEF}.Release|Any CPU.Build.0 = Release|Any CPU
		{5773D6ED-E309-4775-890A-05AFBE06AB93}.Debug|Any CPU.ActiveCfg = Debug|Any CPU
		{5773D6ED-E309-4775-890A-05AFBE06AB93}.Debug|Any CPU.Build.0 = Debug|Any CPU
		{5773D6ED-E309-4775-890A-05AFBE06AB93}.Release|Any CPU.ActiveCfg = Release|Any CPU
		{5773D6ED-E309-4775-890A-05AFBE06AB93}.Release|Any CPU.Build.0 = Release|Any CPU
		{9E007BC4-8073-41F6-87F6-EB2C5185BD01}.Debug|Any CPU.ActiveCfg = Debug|Any CPU
		{9E007BC4-8073-41F6-87F6-EB2C5185BD01}.Debug|Any CPU.Build.0 = Debug|Any CPU
		{9E007BC4-8073-41F6-87F6-EB2C5185BD01}.Release|Any CPU.ActiveCfg = Release|Any CPU
		{9E007BC4-8073-41F6-87F6-EB2C5185BD01}.Release|Any CPU.Build.0 = Release|Any CPU
		{C11F685D-3298-4063-92F4-1177470C870C}.Debug|Any CPU.ActiveCfg = Debug|Any CPU
		{C11F685D-3298-4063-92F4-1177470C870C}.Debug|Any CPU.Build.0 = Debug|Any CPU
		{C11F685D-3298-4063-92F4-1177470C870C}.Release|Any CPU.ActiveCfg = Release|Any CPU
		{C11F685D-3298-4063-92F4-1177470C870C}.Release|Any CPU.Build.0 = Release|Any CPU
		{022E64B1-5EB4-4C63-A389-DD6DE51EE2CA}.Debug|Any CPU.ActiveCfg = Debug|Any CPU
		{022E64B1-5EB4-4C63-A389-DD6DE51EE2CA}.Debug|Any CPU.Build.0 = Debug|Any CPU
		{022E64B1-5EB4-4C63-A389-DD6DE51EE2CA}.Release|Any CPU.ActiveCfg = Release|Any CPU
		{022E64B1-5EB4-4C63-A389-DD6DE51EE2CA}.Release|Any CPU.Build.0 = Release|Any CPU
		{B3F45354-2F4C-4727-BB24-B5F910987278}.Debug|Any CPU.ActiveCfg = Debug|Any CPU
		{B3F45354-2F4C-4727-BB24-B5F910987278}.Debug|Any CPU.Build.0 = Debug|Any CPU
		{B3F45354-2F4C-4727-BB24-B5F910987278}.Release|Any CPU.ActiveCfg = Release|Any CPU
		{B3F45354-2F4C-4727-BB24-B5F910987278}.Release|Any CPU.Build.0 = Release|Any CPU
		{6729EC94-BE6A-495D-BBD2-B96A580439C4}.Debug|Any CPU.ActiveCfg = Debug|Any CPU
		{6729EC94-BE6A-495D-BBD2-B96A580439C4}.Debug|Any CPU.Build.0 = Debug|Any CPU
		{6729EC94-BE6A-495D-BBD2-B96A580439C4}.Release|Any CPU.ActiveCfg = Release|Any CPU
		{6729EC94-BE6A-495D-BBD2-B96A580439C4}.Release|Any CPU.Build.0 = Release|Any CPU
		{47CFE0C0-F7D2-4D47-B3D6-53B7859120C4}.Debug|Any CPU.ActiveCfg = Debug|Any CPU
		{47CFE0C0-F7D2-4D47-B3D6-53B7859120C4}.Debug|Any CPU.Build.0 = Debug|Any CPU
		{47CFE0C0-F7D2-4D47-B3D6-53B7859120C4}.Release|Any CPU.ActiveCfg = Release|Any CPU
		{47CFE0C0-F7D2-4D47-B3D6-53B7859120C4}.Release|Any CPU.Build.0 = Release|Any CPU
		{DAAF5803-E9DF-4656-A5A9-50665EEAF217}.Debug|Any CPU.ActiveCfg = Debug|Any CPU
		{DAAF5803-E9DF-4656-A5A9-50665EEAF217}.Debug|Any CPU.Build.0 = Debug|Any CPU
		{DAAF5803-E9DF-4656-A5A9-50665EEAF217}.Release|Any CPU.ActiveCfg = Release|Any CPU
		{DAAF5803-E9DF-4656-A5A9-50665EEAF217}.Release|Any CPU.Build.0 = Release|Any CPU
		{178BEB33-1F92-41B3-B929-E1DE4FE482CF}.Debug|Any CPU.ActiveCfg = Debug|Any CPU
		{178BEB33-1F92-41B3-B929-E1DE4FE482CF}.Debug|Any CPU.Build.0 = Debug|Any CPU
		{178BEB33-1F92-41B3-B929-E1DE4FE482CF}.Release|Any CPU.ActiveCfg = Release|Any CPU
		{178BEB33-1F92-41B3-B929-E1DE4FE482CF}.Release|Any CPU.Build.0 = Release|Any CPU
	EndGlobalSection
	GlobalSection(SolutionProperties) = preSolution
		HideSolutionNode = FALSE
	EndGlobalSection
	GlobalSection(NestedProjects) = preSolution
		{6820C349-3026-491B-A6E6-C1CCC723ECEF} = {7AD376D6-19FA-4D08-8E02-7AB375DB1546}
		{5773D6ED-E309-4775-890A-05AFBE06AB93} = {52028366-AFA4-448D-8AFD-1DD3DDED49BD}
		{9E007BC4-8073-41F6-87F6-EB2C5185BD01} = {7AD376D6-19FA-4D08-8E02-7AB375DB1546}
		{C11F685D-3298-4063-92F4-1177470C870C} = {52028366-AFA4-448D-8AFD-1DD3DDED49BD}
		{022E64B1-5EB4-4C63-A389-DD6DE51EE2CA} = {7AD376D6-19FA-4D08-8E02-7AB375DB1546}
		{B3F45354-2F4C-4727-BB24-B5F910987278} = {52028366-AFA4-448D-8AFD-1DD3DDED49BD}
		{6729EC94-BE6A-495D-BBD2-B96A580439C4} = {72114167-74FD-4B0C-87F4-7BBF3881F4A7}
		{47CFE0C0-F7D2-4D47-B3D6-53B7859120C4} = {42D5BE53-47A2-44DB-8000-AB92C66B474C}
		{DAAF5803-E9DF-4656-A5A9-50665EEAF217} = {72114167-74FD-4B0C-87F4-7BBF3881F4A7}
		{178BEB33-1F92-41B3-B929-E1DE4FE482CF} = {42D5BE53-47A2-44DB-8000-AB92C66B474C}
		{52028366-AFA4-448D-8AFD-1DD3DDED49BD} = {7AD376D6-19FA-4D08-8E02-7AB375DB1546}
		{42D5BE53-47A2-44DB-8000-AB92C66B474C} = {72114167-74FD-4B0C-87F4-7BBF3881F4A7}
	EndGlobalSection
EndGlobal
